
Microsoft Visual Studio Solution File, Format Version 12.00
# Visual Studio 15
VisualStudioVersion = 15.0.27703.1
MinimumVisualStudioVersion = 10.0.40219.1
Project("{FAE04EC0-301F-11D3-BF4B-00C04F79EFBC}") = "MaximumSubsumProblem", "MaximumSubsumProblem\MaximumSubsumProblem.csproj", "{F647871F-E297-430D-AC2B-F511CAF18DCF}"
EndProject
Global
	GlobalSection(SolutionConfigurationPlatforms) = preSolution
		Debug|Any CPU = Debug|Any CPU
		Release|Any CPU = Release|Any CPU
	EndGlobalSection
	GlobalSection(ProjectConfigurationPlatforms) = postSolution
		{F647871F-E297-430D-AC2B-F511CAF18DCF}.Debug|Any CPU.ActiveCfg = Debug|Any CPU
		{F647871F-E297-430D-AC2B-F511CAF18DCF}.Debug|Any CPU.Build.0 = Debug|Any CPU
		{F647871F-E297-430D-AC2B-F511CAF18DCF}.Release|Any CPU.ActiveCfg = Release|Any CPU
		{F647871F-E297-430D-AC2B-F511CAF18DCF}.Release|Any CPU.Build.0 = Release|Any CPU
	EndGlobalSection
	GlobalSection(SolutionProperties) = preSolution
		HideSolutionNode = FALSE
	EndGlobalSection
	GlobalSection(ExtensibilityGlobals) = postSolution
		SolutionGuid = {16499680-AB58-446A-B09A-E1F4BAE1FD89}
	EndGlobalSection
EndGlobal
