
Microsoft Visual Studio Solution File, Format Version 12.00
# Visual Studio Version 16
VisualStudioVersion = 16.0.31702.278
MinimumVisualStudioVersion = 10.0.40219.1
Project("{FAE04EC0-301F-11D3-BF4B-00C04F79EFBC}") = "Extension Async Enumerables", "Extension Async Enumerables\Extension Async Enumerables.csproj", "{31B20FE3-BDE6-4BEF-B599-82C62FB0F448}"
EndProject
Global
	GlobalSection(SolutionConfigurationPlatforms) = preSolution
		Debug|Any CPU = Debug|Any CPU
		Release|Any CPU = Release|Any CPU
	EndGlobalSection
	GlobalSection(ProjectConfigurationPlatforms) = postSolution
		{31B20FE3-BDE6-4BEF-B599-82C62FB0F448}.Debug|Any CPU.ActiveCfg = Debug|Any CPU
		{31B20FE3-BDE6-4BEF-B599-82C62FB0F448}.Debug|Any CPU.Build.0 = Debug|Any CPU
		{31B20FE3-BDE6-4BEF-B599-82C62FB0F448}.Release|Any CPU.ActiveCfg = Release|Any CPU
		{31B20FE3-BDE6-4BEF-B599-82C62FB0F448}.Release|Any CPU.Build.0 = Release|Any CPU
	EndGlobalSection
	GlobalSection(SolutionProperties) = preSolution
		HideSolutionNode = FALSE
	EndGlobalSection
	GlobalSection(ExtensibilityGlobals) = postSolution
		SolutionGuid = {6FBABA78-959F-432C-8705-5A1E40A4BB07}
	EndGlobalSection
EndGlobal
