
Microsoft Visual Studio Solution File, Format Version 12.00
# Visual Studio 15
VisualStudioVersion = 15.0.27703.1
MinimumVisualStudioVersion = 10.0.40219.1
Project("{FAE04EC0-301F-11D3-BF4B-00C04F79EFBC}") = "UpgradingTuples", "UpgradingTuples\UpgradingTuples.csproj", "{DC080DC5-8C3D-42DA-91D2-CB438370EA98}"
EndProject
Global
	GlobalSection(SolutionConfigurationPlatforms) = preSolution
		Debug|Any CPU = Debug|Any CPU
		Release|Any CPU = Release|Any CPU
	EndGlobalSection
	GlobalSection(ProjectConfigurationPlatforms) = postSolution
		{DC080DC5-8C3D-42DA-91D2-CB438370EA98}.Debug|Any CPU.ActiveCfg = Debug|Any CPU
		{DC080DC5-8C3D-42DA-91D2-CB438370EA98}.Debug|Any CPU.Build.0 = Debug|Any CPU
		{DC080DC5-8C3D-42DA-91D2-CB438370EA98}.Release|Any CPU.ActiveCfg = Release|Any CPU
		{DC080DC5-8C3D-42DA-91D2-CB438370EA98}.Release|Any CPU.Build.0 = Release|Any CPU
	EndGlobalSection
	GlobalSection(SolutionProperties) = preSolution
		HideSolutionNode = FALSE
	EndGlobalSection
	GlobalSection(ExtensibilityGlobals) = postSolution
		SolutionGuid = {2126C739-86FC-4BC4-8F48-50DEDD44FA3C}
	EndGlobalSection
EndGlobal
