
Microsoft Visual Studio Solution File, Format Version 12.00
# Visual Studio Version 16
VisualStudioVersion = 16.0.31702.278
MinimumVisualStudioVersion = 10.0.40219.1
Project("{2150E333-8FDC-42A3-9474-1A3956D46DE8}") = "A - OO", "A - OO", "{B708C47D-81E5-4122-AD22-FEF545B04B1B}"
EndProject
Project("{2150E333-8FDC-42A3-9474-1A3956D46DE8}") = "B - Statements", "B - Statements", "{21E1A54E-0333-4B17-88ED-C15587A3D181}"
EndProject
Project("{2150E333-8FDC-42A3-9474-1A3956D46DE8}") = "C - Expressions", "C - Expressions", "{654006F5-995D-4B52-BE91-6DE5977D1EA7}"
EndProject
Project("{2150E333-8FDC-42A3-9474-1A3956D46DE8}") = "D - Methods", "D - Methods", "{D0D6DEC3-0D60-421E-A26F-DA18D0CDA9A9}"
EndProject
Project("{2150E333-8FDC-42A3-9474-1A3956D46DE8}") = "E - Performance and Interop", "E - Performance and Interop", "{662F3553-88BB-4F4F-ACFE-EA2572360CF9}"
EndProject
Project("{9A19103F-16F7-4668-BE54-9A1E7A4F7556}") = "01 - Covariant Return Types", "01 - Covariant Return Types\01 - Covariant Return Types.csproj", "{4507005A-6CB3-4F70-A4FC-FCFFDB661F65}"
EndProject
Project("{9A19103F-16F7-4668-BE54-9A1E7A4F7556}") = "02 - Lambda Discards", "02 - Lambda Discards\02 - Lambda Discards.csproj", "{5D39119F-A34E-4136-92EB-8E5FD8A47B9F}"
EndProject
Project("{9A19103F-16F7-4668-BE54-9A1E7A4F7556}") = "03 - Static Anonymous Functions Before", "03 - Static Anonymous Functions\03 - Static Anonymous Functions Before.csproj", "{319A9F7B-14FC-432D-8D9B-1CA9335C596B}"
EndProject
Project("{9A19103F-16F7-4668-BE54-9A1E7A4F7556}") = "03 - Static Anonymous Functions Complete", "03 - Static Anonymous Functions Complete\03 - Static Anonymous Functions Complete.csproj", "{2FDA0695-3D67-49ED-9B9E-C76291406AF2}"
EndProject
Project("{9A19103F-16F7-4668-BE54-9A1E7A4F7556}") = "04 - Attributes on Local Functions Before", "04 - Attributes on Local Functions\04 - Attributes on Local Functions Before.csproj", "{89FBC57C-823D-4EC1-AC5B-3C551161AF0A}"
EndProject
Project("{9A19103F-16F7-4668-BE54-9A1E7A4F7556}") = "04 - Attributes on Local Functions Complete", "04 - Attributes on Local Functions Complete\04 - Attributes on Local Functions Complete.csproj", "{4A312ED0-7B4C-462B-9EDD-0CA3D0E9F417}"
EndProject
Project("{9A19103F-16F7-4668-BE54-9A1E7A4F7556}") = "05 - Partial Methods", "05 - Partial Methods\05 - Partial Methods.csproj", "{DEFF8C7E-3E03-4895-BDDF-761C78E8C112}"
EndProject
Project("{9A19103F-16F7-4668-BE54-9A1E7A4F7556}") = "06 - New Features for Partial Methods", "06 - New Features for Partial Methods\06 - New Features for Partial Methods.csproj", "{C628C268-10D7-494F-9BD3-A88A3B9F2E52}"
EndProject
Project("{9A19103F-16F7-4668-BE54-9A1E7A4F7556}") = "01 - Native-sized Integers", "01 - Native-sized Integers\01 - Native-sized Integers.csproj", "{A52D633C-A239-4DC6-B3DF-BB17313A0A2E}"
EndProject
Project("{9A19103F-16F7-4668-BE54-9A1E7A4F7556}") = "02 - Function Pointers", "02 - Function Pointers\02 - Function Pointers.csproj", "{835242AE-C1A3-4244-A67B-F3631BC60F94}"
EndProject
Project("{9A19103F-16F7-4668-BE54-9A1E7A4F7556}") = "03 - Suppress LocalsInit", "03 - Suppress LocalsInit\03 - Suppress LocalsInit.csproj", "{900B8F8D-0ABD-4827-826A-D87C350D37DB}"
EndProject
Project("{9A19103F-16F7-4668-BE54-9A1E7A4F7556}") = "04 - Module Initializers", "04 - Module Initializers\04 - Module Initializers.csproj", "{C8068636-E67D-447A-BAC6-E10CB7CF80C0}"
EndProject
Project("{9A19103F-16F7-4668-BE54-9A1E7A4F7556}") = "Library", "Library\Library.csproj", "{694B53DB-CD5E-46D0-B67A-07E79B4016FE}"
EndProject
Project("{9A19103F-16F7-4668-BE54-9A1E7A4F7556}") = "01 - Type Patterns", "01 - Type Patterns\01 - Type Patterns.csproj", "{025B0863-C5C8-42DA-B3BE-091A267CF2A9}"
EndProject
Project("{9A19103F-16F7-4668-BE54-9A1E7A4F7556}") = "02 - Negation Patterns", "02 - Negation Patterns\02 - Negation Patterns.csproj", "{E6CE3FDE-9A00-4B97-B953-EE6F2FC3B5CA}"
EndProject
Project("{9A19103F-16F7-4668-BE54-9A1E7A4F7556}") = "03 - Parenthesized Patterns", "03 - Parenthesized Patterns\03 - Parenthesized Patterns.csproj", "{98D99919-7875-4459-A0F1-2A18870F2728}"
EndProject
Project("{9A19103F-16F7-4668-BE54-9A1E7A4F7556}") = "Data", "Data\Data.csproj", "{94ECCE40-F02F-434D-B358-A0D63335017E}"
EndProject
Project("{9A19103F-16F7-4668-BE54-9A1E7A4F7556}") = "04 - Conjunctive Patterns", "04 - Conjunctive Patterns\04 - Conjunctive Patterns.csproj", "{9137301B-12C1-487A-B9D1-6C7191246D19}"
EndProject
Project("{9A19103F-16F7-4668-BE54-9A1E7A4F7556}") = "05 - Disjunctive Patterns", "05 - Disjunctive Patterns\05 - Disjunctive Patterns.csproj", "{16C96C14-9CF6-4801-B8E0-D878E650DCD1}"
EndProject
Project("{9A19103F-16F7-4668-BE54-9A1E7A4F7556}") = "06 - Relational Patterns", "06 - Relational Patterns\06 - Relational Patterns.csproj", "{E47490DC-0E02-499F-A2CA-C2ABE6B7EDF3}"
EndProject
Project("{9A19103F-16F7-4668-BE54-9A1E7A4F7556}") = "07 - Target-typed New", "07 - Target-typed New\07 - Target-typed New.csproj", "{229E1221-6EA3-4A5C-A4A4-D55B42B5368D}"
EndProject
Project("{9A19103F-16F7-4668-BE54-9A1E7A4F7556}") = "08 - Tarrget-typed Conditionals", "08 - Tarrget-typed Conditionals\08 - Tarrget-typed Conditionals.csproj", "{016EC4CC-D63D-4FD9-B479-BEF403D92068}"
EndProject
Project("{9A19103F-16F7-4668-BE54-9A1E7A4F7556}") = "01 - Top-level Statements Before", "01 - Top-level Statements\01 - Top-level Statements Before.csproj", "{84D9037D-8485-4001-A4B2-5A2B197FEAF6}"
EndProject
Project("{9A19103F-16F7-4668-BE54-9A1E7A4F7556}") = "02 - Top-level Statements Complete", "02 - Top-level Statements Complete\02 - Top-level Statements Complete.csproj", "{CEDDA7DF-E640-4025-BAEA-9F1BE5E2746A}"
EndProject
Project("{9A19103F-16F7-4668-BE54-9A1E7A4F7556}") = "03 - Extension Enumerables", "03 - Extension Enumerables\03 - Extension Enumerables.csproj", "{77AAF6F6-1F3E-4405-8B66-8CE5F997B0FB}"
EndProject
Project("{9A19103F-16F7-4668-BE54-9A1E7A4F7556}") = "01 - Init-only Setters Before", "01 - Init-only Setters Before\01 - Init-only Setters Before.csproj", "{962ED395-7F7F-4454-9772-3A1F7F2AD52E}"
EndProject
Project("{9A19103F-16F7-4668-BE54-9A1E7A4F7556}") = "01 - Init-only Setters Complete", "01 - Init-only Setters Complete\01 - Init-only Setters Complete.csproj", "{2CB653EC-8F62-4125-B3D8-7C9785DFD898}"
EndProject
Project("{9A19103F-16F7-4668-BE54-9A1E7A4F7556}") = "02 - Records Complete", "02 - Records Complete\02 - Records Complete.csproj", "{82FA52CA-359C-48E2-A9B9-F0E129D67EB2}"
EndProject
Project("{FAE04EC0-301F-11D3-BF4B-00C04F79EFBC}") = "02 - Records Before", "02 - Records Before\02 - Records Before.csproj", "{410BF8BA-D0C6-4C68-88BB-CF565774861C}"
EndProject
Project("{FAE04EC0-301F-11D3-BF4B-00C04F79EFBC}") = "03 - Built-in Features of Records", "03 - Built-in Features of Records\03 - Built-in Features of Records.csproj", "{85026519-8B3D-45CF-B764-BB3A931C779F}"
EndProject
Project("{FAE04EC0-301F-11D3-BF4B-00C04F79EFBC}") = "04 - Records and Inherirance", "04 - Records and Inherirance\04 - Records and Inherirance.csproj", "{4F33B6E1-EAF3-4D2E-8027-EA726C8F718C}"
EndProject
Project("{FAE04EC0-301F-11D3-BF4B-00C04F79EFBC}") = "05 - A Few Words of Warning", "05 - A Few Words of Warning\05 - A Few Words of Warning.csproj", "{0129FB37-DAA4-426E-9989-CCCE94AA2B9C}"
EndProject
Global
	GlobalSection(SolutionConfigurationPlatforms) = preSolution
		Debug|Any CPU = Debug|Any CPU
		Release|Any CPU = Release|Any CPU
	EndGlobalSection
	GlobalSection(ProjectConfigurationPlatforms) = postSolution
		{4507005A-6CB3-4F70-A4FC-FCFFDB661F65}.Debug|Any CPU.ActiveCfg = Debug|Any CPU
		{4507005A-6CB3-4F70-A4FC-FCFFDB661F65}.Debug|Any CPU.Build.0 = Debug|Any CPU
		{4507005A-6CB3-4F70-A4FC-FCFFDB661F65}.Release|Any CPU.ActiveCfg = Release|Any CPU
		{4507005A-6CB3-4F70-A4FC-FCFFDB661F65}.Release|Any CPU.Build.0 = Release|Any CPU
		{5D39119F-A34E-4136-92EB-8E5FD8A47B9F}.Debug|Any CPU.ActiveCfg = Debug|Any CPU
		{5D39119F-A34E-4136-92EB-8E5FD8A47B9F}.Debug|Any CPU.Build.0 = Debug|Any CPU
		{5D39119F-A34E-4136-92EB-8E5FD8A47B9F}.Release|Any CPU.ActiveCfg = Release|Any CPU
		{5D39119F-A34E-4136-92EB-8E5FD8A47B9F}.Release|Any CPU.Build.0 = Release|Any CPU
		{319A9F7B-14FC-432D-8D9B-1CA9335C596B}.Debug|Any CPU.ActiveCfg = Debug|Any CPU
		{319A9F7B-14FC-432D-8D9B-1CA9335C596B}.Debug|Any CPU.Build.0 = Debug|Any CPU
		{319A9F7B-14FC-432D-8D9B-1CA9335C596B}.Release|Any CPU.ActiveCfg = Release|Any CPU
		{319A9F7B-14FC-432D-8D9B-1CA9335C596B}.Release|Any CPU.Build.0 = Release|Any CPU
		{2FDA0695-3D67-49ED-9B9E-C76291406AF2}.Debug|Any CPU.ActiveCfg = Debug|Any CPU
		{2FDA0695-3D67-49ED-9B9E-C76291406AF2}.Debug|Any CPU.Build.0 = Debug|Any CPU
		{2FDA0695-3D67-49ED-9B9E-C76291406AF2}.Release|Any CPU.ActiveCfg = Release|Any CPU
		{2FDA0695-3D67-49ED-9B9E-C76291406AF2}.Release|Any CPU.Build.0 = Release|Any CPU
		{89FBC57C-823D-4EC1-AC5B-3C551161AF0A}.Debug|Any CPU.ActiveCfg = Debug|Any CPU
		{89FBC57C-823D-4EC1-AC5B-3C551161AF0A}.Debug|Any CPU.Build.0 = Debug|Any CPU
		{89FBC57C-823D-4EC1-AC5B-3C551161AF0A}.Release|Any CPU.ActiveCfg = Release|Any CPU
		{89FBC57C-823D-4EC1-AC5B-3C551161AF0A}.Release|Any CPU.Build.0 = Release|Any CPU
		{4A312ED0-7B4C-462B-9EDD-0CA3D0E9F417}.Debug|Any CPU.ActiveCfg = Debug|Any CPU
		{4A312ED0-7B4C-462B-9EDD-0CA3D0E9F417}.Debug|Any CPU.Build.0 = Debug|Any CPU
		{4A312ED0-7B4C-462B-9EDD-0CA3D0E9F417}.Release|Any CPU.ActiveCfg = Release|Any CPU
		{4A312ED0-7B4C-462B-9EDD-0CA3D0E9F417}.Release|Any CPU.Build.0 = Release|Any CPU
		{DEFF8C7E-3E03-4895-BDDF-761C78E8C112}.Debug|Any CPU.ActiveCfg = Debug|Any CPU
		{DEFF8C7E-3E03-4895-BDDF-761C78E8C112}.Debug|Any CPU.Build.0 = Debug|Any CPU
		{DEFF8C7E-3E03-4895-BDDF-761C78E8C112}.Release|Any CPU.ActiveCfg = Release|Any CPU
		{DEFF8C7E-3E03-4895-BDDF-761C78E8C112}.Release|Any CPU.Build.0 = Release|Any CPU
		{C628C268-10D7-494F-9BD3-A88A3B9F2E52}.Debug|Any CPU.ActiveCfg = Debug|Any CPU
		{C628C268-10D7-494F-9BD3-A88A3B9F2E52}.Debug|Any CPU.Build.0 = Debug|Any CPU
		{C628C268-10D7-494F-9BD3-A88A3B9F2E52}.Release|Any CPU.ActiveCfg = Release|Any CPU
		{C628C268-10D7-494F-9BD3-A88A3B9F2E52}.Release|Any CPU.Build.0 = Release|Any CPU
		{A52D633C-A239-4DC6-B3DF-BB17313A0A2E}.Debug|Any CPU.ActiveCfg = Debug|Any CPU
		{A52D633C-A239-4DC6-B3DF-BB17313A0A2E}.Debug|Any CPU.Build.0 = Debug|Any CPU
		{A52D633C-A239-4DC6-B3DF-BB17313A0A2E}.Release|Any CPU.ActiveCfg = Release|Any CPU
		{A52D633C-A239-4DC6-B3DF-BB17313A0A2E}.Release|Any CPU.Build.0 = Release|Any CPU
		{835242AE-C1A3-4244-A67B-F3631BC60F94}.Debug|Any CPU.ActiveCfg = Debug|Any CPU
		{835242AE-C1A3-4244-A67B-F3631BC60F94}.Debug|Any CPU.Build.0 = Debug|Any CPU
		{835242AE-C1A3-4244-A67B-F3631BC60F94}.Release|Any CPU.ActiveCfg = Release|Any CPU
		{835242AE-C1A3-4244-A67B-F3631BC60F94}.Release|Any CPU.Build.0 = Release|Any CPU
		{900B8F8D-0ABD-4827-826A-D87C350D37DB}.Debug|Any CPU.ActiveCfg = Debug|Any CPU
		{900B8F8D-0ABD-4827-826A-D87C350D37DB}.Debug|Any CPU.Build.0 = Debug|Any CPU
		{900B8F8D-0ABD-4827-826A-D87C350D37DB}.Release|Any CPU.ActiveCfg = Release|Any CPU
		{900B8F8D-0ABD-4827-826A-D87C350D37DB}.Release|Any CPU.Build.0 = Release|Any CPU
		{C8068636-E67D-447A-BAC6-E10CB7CF80C0}.Debug|Any CPU.ActiveCfg = Debug|Any CPU
		{C8068636-E67D-447A-BAC6-E10CB7CF80C0}.Debug|Any CPU.Build.0 = Debug|Any CPU
		{C8068636-E67D-447A-BAC6-E10CB7CF80C0}.Release|Any CPU.ActiveCfg = Release|Any CPU
		{C8068636-E67D-447A-BAC6-E10CB7CF80C0}.Release|Any CPU.Build.0 = Release|Any CPU
		{694B53DB-CD5E-46D0-B67A-07E79B4016FE}.Debug|Any CPU.ActiveCfg = Debug|Any CPU
		{694B53DB-CD5E-46D0-B67A-07E79B4016FE}.Debug|Any CPU.Build.0 = Debug|Any CPU
		{694B53DB-CD5E-46D0-B67A-07E79B4016FE}.Release|Any CPU.ActiveCfg = Release|Any CPU
		{694B53DB-CD5E-46D0-B67A-07E79B4016FE}.Release|Any CPU.Build.0 = Release|Any CPU
		{025B0863-C5C8-42DA-B3BE-091A267CF2A9}.Debug|Any CPU.ActiveCfg = Debug|Any CPU
		{025B0863-C5C8-42DA-B3BE-091A267CF2A9}.Debug|Any CPU.Build.0 = Debug|Any CPU
		{025B0863-C5C8-42DA-B3BE-091A267CF2A9}.Release|Any CPU.ActiveCfg = Release|Any CPU
		{025B0863-C5C8-42DA-B3BE-091A267CF2A9}.Release|Any CPU.Build.0 = Release|Any CPU
		{E6CE3FDE-9A00-4B97-B953-EE6F2FC3B5CA}.Debug|Any CPU.ActiveCfg = Debug|Any CPU
		{E6CE3FDE-9A00-4B97-B953-EE6F2FC3B5CA}.Debug|Any CPU.Build.0 = Debug|Any CPU
		{E6CE3FDE-9A00-4B97-B953-EE6F2FC3B5CA}.Release|Any CPU.ActiveCfg = Release|Any CPU
		{E6CE3FDE-9A00-4B97-B953-EE6F2FC3B5CA}.Release|Any CPU.Build.0 = Release|Any CPU
		{98D99919-7875-4459-A0F1-2A18870F2728}.Debug|Any CPU.ActiveCfg = Debug|Any CPU
		{98D99919-7875-4459-A0F1-2A18870F2728}.Debug|Any CPU.Build.0 = Debug|Any CPU
		{98D99919-7875-4459-A0F1-2A18870F2728}.Release|Any CPU.ActiveCfg = Release|Any CPU
		{98D99919-7875-4459-A0F1-2A18870F2728}.Release|Any CPU.Build.0 = Release|Any CPU
		{94ECCE40-F02F-434D-B358-A0D63335017E}.Debug|Any CPU.ActiveCfg = Debug|Any CPU
		{94ECCE40-F02F-434D-B358-A0D63335017E}.Debug|Any CPU.Build.0 = Debug|Any CPU
		{94ECCE40-F02F-434D-B358-A0D63335017E}.Release|Any CPU.ActiveCfg = Release|Any CPU
		{94ECCE40-F02F-434D-B358-A0D63335017E}.Release|Any CPU.Build.0 = Release|Any CPU
		{9137301B-12C1-487A-B9D1-6C7191246D19}.Debug|Any CPU.ActiveCfg = Debug|Any CPU
		{9137301B-12C1-487A-B9D1-6C7191246D19}.Debug|Any CPU.Build.0 = Debug|Any CPU
		{9137301B-12C1-487A-B9D1-6C7191246D19}.Release|Any CPU.ActiveCfg = Release|Any CPU
		{9137301B-12C1-487A-B9D1-6C7191246D19}.Release|Any CPU.Build.0 = Release|Any CPU
		{16C96C14-9CF6-4801-B8E0-D878E650DCD1}.Debug|Any CPU.ActiveCfg = Debug|Any CPU
		{16C96C14-9CF6-4801-B8E0-D878E650DCD1}.Debug|Any CPU.Build.0 = Debug|Any CPU
		{16C96C14-9CF6-4801-B8E0-D878E650DCD1}.Release|Any CPU.ActiveCfg = Release|Any CPU
		{16C96C14-9CF6-4801-B8E0-D878E650DCD1}.Release|Any CPU.Build.0 = Release|Any CPU
		{E47490DC-0E02-499F-A2CA-C2ABE6B7EDF3}.Debug|Any CPU.ActiveCfg = Debug|Any CPU
		{E47490DC-0E02-499F-A2CA-C2ABE6B7EDF3}.Debug|Any CPU.Build.0 = Debug|Any CPU
		{E47490DC-0E02-499F-A2CA-C2ABE6B7EDF3}.Release|Any CPU.ActiveCfg = Release|Any CPU
		{E47490DC-0E02-499F-A2CA-C2ABE6B7EDF3}.Release|Any CPU.Build.0 = Release|Any CPU
		{229E1221-6EA3-4A5C-A4A4-D55B42B5368D}.Debug|Any CPU.ActiveCfg = Debug|Any CPU
		{229E1221-6EA3-4A5C-A4A4-D55B42B5368D}.Debug|Any CPU.Build.0 = Debug|Any CPU
		{229E1221-6EA3-4A5C-A4A4-D55B42B5368D}.Release|Any CPU.ActiveCfg = Release|Any CPU
		{229E1221-6EA3-4A5C-A4A4-D55B42B5368D}.Release|Any CPU.Build.0 = Release|Any CPU
		{016EC4CC-D63D-4FD9-B479-BEF403D92068}.Debug|Any CPU.ActiveCfg = Debug|Any CPU
		{016EC4CC-D63D-4FD9-B479-BEF403D92068}.Debug|Any CPU.Build.0 = Debug|Any CPU
		{016EC4CC-D63D-4FD9-B479-BEF403D92068}.Release|Any CPU.ActiveCfg = Release|Any CPU
		{016EC4CC-D63D-4FD9-B479-BEF403D92068}.Release|Any CPU.Build.0 = Release|Any CPU
		{84D9037D-8485-4001-A4B2-5A2B197FEAF6}.Debug|Any CPU.ActiveCfg = Debug|Any CPU
		{84D9037D-8485-4001-A4B2-5A2B197FEAF6}.Debug|Any CPU.Build.0 = Debug|Any CPU
		{84D9037D-8485-4001-A4B2-5A2B197FEAF6}.Release|Any CPU.ActiveCfg = Release|Any CPU
		{84D9037D-8485-4001-A4B2-5A2B197FEAF6}.Release|Any CPU.Build.0 = Release|Any CPU
		{CEDDA7DF-E640-4025-BAEA-9F1BE5E2746A}.Debug|Any CPU.ActiveCfg = Debug|Any CPU
		{CEDDA7DF-E640-4025-BAEA-9F1BE5E2746A}.Debug|Any CPU.Build.0 = Debug|Any CPU
		{CEDDA7DF-E640-4025-BAEA-9F1BE5E2746A}.Release|Any CPU.ActiveCfg = Release|Any CPU
		{CEDDA7DF-E640-4025-BAEA-9F1BE5E2746A}.Release|Any CPU.Build.0 = Release|Any CPU
		{77AAF6F6-1F3E-4405-8B66-8CE5F997B0FB}.Debug|Any CPU.ActiveCfg = Debug|Any CPU
		{77AAF6F6-1F3E-4405-8B66-8CE5F997B0FB}.Debug|Any CPU.Build.0 = Debug|Any CPU
		{77AAF6F6-1F3E-4405-8B66-8CE5F997B0FB}.Release|Any CPU.ActiveCfg = Release|Any CPU
		{77AAF6F6-1F3E-4405-8B66-8CE5F997B0FB}.Release|Any CPU.Build.0 = Release|Any CPU
		{962ED395-7F7F-4454-9772-3A1F7F2AD52E}.Debug|Any CPU.ActiveCfg = Debug|Any CPU
		{962ED395-7F7F-4454-9772-3A1F7F2AD52E}.Debug|Any CPU.Build.0 = Debug|Any CPU
		{962ED395-7F7F-4454-9772-3A1F7F2AD52E}.Release|Any CPU.ActiveCfg = Release|Any CPU
		{962ED395-7F7F-4454-9772-3A1F7F2AD52E}.Release|Any CPU.Build.0 = Release|Any CPU
		{2CB653EC-8F62-4125-B3D8-7C9785DFD898}.Debug|Any CPU.ActiveCfg = Debug|Any CPU
		{2CB653EC-8F62-4125-B3D8-7C9785DFD898}.Debug|Any CPU.Build.0 = Debug|Any CPU
		{2CB653EC-8F62-4125-B3D8-7C9785DFD898}.Release|Any CPU.ActiveCfg = Release|Any CPU
		{2CB653EC-8F62-4125-B3D8-7C9785DFD898}.Release|Any CPU.Build.0 = Release|Any CPU
		{82FA52CA-359C-48E2-A9B9-F0E129D67EB2}.Debug|Any CPU.ActiveCfg = Debug|Any CPU
		{82FA52CA-359C-48E2-A9B9-F0E129D67EB2}.Debug|Any CPU.Build.0 = Debug|Any CPU
		{82FA52CA-359C-48E2-A9B9-F0E129D67EB2}.Release|Any CPU.ActiveCfg = Release|Any CPU
		{82FA52CA-359C-48E2-A9B9-F0E129D67EB2}.Release|Any CPU.Build.0 = Release|Any CPU
		{410BF8BA-D0C6-4C68-88BB-CF565774861C}.Debug|Any CPU.ActiveCfg = Debug|Any CPU
		{410BF8BA-D0C6-4C68-88BB-CF565774861C}.Debug|Any CPU.Build.0 = Debug|Any CPU
		{410BF8BA-D0C6-4C68-88BB-CF565774861C}.Release|Any CPU.ActiveCfg = Release|Any CPU
		{410BF8BA-D0C6-4C68-88BB-CF565774861C}.Release|Any CPU.Build.0 = Release|Any CPU
		{85026519-8B3D-45CF-B764-BB3A931C779F}.Debug|Any CPU.ActiveCfg = Debug|Any CPU
		{85026519-8B3D-45CF-B764-BB3A931C779F}.Debug|Any CPU.Build.0 = Debug|Any CPU
		{85026519-8B3D-45CF-B764-BB3A931C779F}.Release|Any CPU.ActiveCfg = Release|Any CPU
		{85026519-8B3D-45CF-B764-BB3A931C779F}.Release|Any CPU.Build.0 = Release|Any CPU
		{4F33B6E1-EAF3-4D2E-8027-EA726C8F718C}.Debug|Any CPU.ActiveCfg = Debug|Any CPU
		{4F33B6E1-EAF3-4D2E-8027-EA726C8F718C}.Debug|Any CPU.Build.0 = Debug|Any CPU
		{4F33B6E1-EAF3-4D2E-8027-EA726C8F718C}.Release|Any CPU.ActiveCfg = Release|Any CPU
		{4F33B6E1-EAF3-4D2E-8027-EA726C8F718C}.Release|Any CPU.Build.0 = Release|Any CPU
		{0129FB37-DAA4-426E-9989-CCCE94AA2B9C}.Debug|Any CPU.ActiveCfg = Debug|Any CPU
		{0129FB37-DAA4-426E-9989-CCCE94AA2B9C}.Debug|Any CPU.Build.0 = Debug|Any CPU
		{0129FB37-DAA4-426E-9989-CCCE94AA2B9C}.Release|Any CPU.ActiveCfg = Release|Any CPU
		{0129FB37-DAA4-426E-9989-CCCE94AA2B9C}.Release|Any CPU.Build.0 = Release|Any CPU
	EndGlobalSection
	GlobalSection(SolutionProperties) = preSolution
		HideSolutionNode = FALSE
	EndGlobalSection
	GlobalSection(NestedProjects) = preSolution
		{4507005A-6CB3-4F70-A4FC-FCFFDB661F65} = {D0D6DEC3-0D60-421E-A26F-DA18D0CDA9A9}
		{5D39119F-A34E-4136-92EB-8E5FD8A47B9F} = {D0D6DEC3-0D60-421E-A26F-DA18D0CDA9A9}
		{319A9F7B-14FC-432D-8D9B-1CA9335C596B} = {D0D6DEC3-0D60-421E-A26F-DA18D0CDA9A9}
		{2FDA0695-3D67-49ED-9B9E-C76291406AF2} = {D0D6DEC3-0D60-421E-A26F-DA18D0CDA9A9}
		{89FBC57C-823D-4EC1-AC5B-3C551161AF0A} = {D0D6DEC3-0D60-421E-A26F-DA18D0CDA9A9}
		{4A312ED0-7B4C-462B-9EDD-0CA3D0E9F417} = {D0D6DEC3-0D60-421E-A26F-DA18D0CDA9A9}
		{DEFF8C7E-3E03-4895-BDDF-761C78E8C112} = {D0D6DEC3-0D60-421E-A26F-DA18D0CDA9A9}
		{C628C268-10D7-494F-9BD3-A88A3B9F2E52} = {D0D6DEC3-0D60-421E-A26F-DA18D0CDA9A9}
		{A52D633C-A239-4DC6-B3DF-BB17313A0A2E} = {662F3553-88BB-4F4F-ACFE-EA2572360CF9}
		{835242AE-C1A3-4244-A67B-F3631BC60F94} = {662F3553-88BB-4F4F-ACFE-EA2572360CF9}
		{900B8F8D-0ABD-4827-826A-D87C350D37DB} = {662F3553-88BB-4F4F-ACFE-EA2572360CF9}
		{C8068636-E67D-447A-BAC6-E10CB7CF80C0} = {662F3553-88BB-4F4F-ACFE-EA2572360CF9}
		{694B53DB-CD5E-46D0-B67A-07E79B4016FE} = {662F3553-88BB-4F4F-ACFE-EA2572360CF9}
		{025B0863-C5C8-42DA-B3BE-091A267CF2A9} = {654006F5-995D-4B52-BE91-6DE5977D1EA7}
		{E6CE3FDE-9A00-4B97-B953-EE6F2FC3B5CA} = {654006F5-995D-4B52-BE91-6DE5977D1EA7}
		{98D99919-7875-4459-A0F1-2A18870F2728} = {654006F5-995D-4B52-BE91-6DE5977D1EA7}
		{9137301B-12C1-487A-B9D1-6C7191246D19} = {654006F5-995D-4B52-BE91-6DE5977D1EA7}
		{16C96C14-9CF6-4801-B8E0-D878E650DCD1} = {654006F5-995D-4B52-BE91-6DE5977D1EA7}
		{E47490DC-0E02-499F-A2CA-C2ABE6B7EDF3} = {654006F5-995D-4B52-BE91-6DE5977D1EA7}
		{229E1221-6EA3-4A5C-A4A4-D55B42B5368D} = {654006F5-995D-4B52-BE91-6DE5977D1EA7}
		{016EC4CC-D63D-4FD9-B479-BEF403D92068} = {654006F5-995D-4B52-BE91-6DE5977D1EA7}
		{84D9037D-8485-4001-A4B2-5A2B197FEAF6} = {21E1A54E-0333-4B17-88ED-C15587A3D181}
		{CEDDA7DF-E640-4025-BAEA-9F1BE5E2746A} = {21E1A54E-0333-4B17-88ED-C15587A3D181}
		{77AAF6F6-1F3E-4405-8B66-8CE5F997B0FB} = {21E1A54E-0333-4B17-88ED-C15587A3D181}
		{962ED395-7F7F-4454-9772-3A1F7F2AD52E} = {B708C47D-81E5-4122-AD22-FEF545B04B1B}
		{2CB653EC-8F62-4125-B3D8-7C9785DFD898} = {B708C47D-81E5-4122-AD22-FEF545B04B1B}
		{82FA52CA-359C-48E2-A9B9-F0E129D67EB2} = {B708C47D-81E5-4122-AD22-FEF545B04B1B}
		{410BF8BA-D0C6-4C68-88BB-CF565774861C} = {B708C47D-81E5-4122-AD22-FEF545B04B1B}
		{85026519-8B3D-45CF-B764-BB3A931C779F} = {B708C47D-81E5-4122-AD22-FEF545B04B1B}
		{4F33B6E1-EAF3-4D2E-8027-EA726C8F718C} = {B708C47D-81E5-4122-AD22-FEF545B04B1B}
		{0129FB37-DAA4-426E-9989-CCCE94AA2B9C} = {B708C47D-81E5-4122-AD22-FEF545B04B1B}
	EndGlobalSection
	GlobalSection(ExtensibilityGlobals) = postSolution
		SolutionGuid = {881378A0-F0DE-42F9-9295-AC7774E4CF62}
	EndGlobalSection
EndGlobal
