
Microsoft Visual Studio Solution File, Format Version 12.00
# Visual Studio Version 17
VisualStudioVersion = 17.0.32014.148
MinimumVisualStudioVersion = 10.0.40219.1
Project("{FAE04EC0-301F-11D3-BF4B-00C04F79EFBC}") = "LINQ Extension", "LINQ Extension\LINQ Extension.csproj", "{86FADDD4-DA78-41FB-A1D1-FD4E98A22101}"
EndProject
Global
	GlobalSection(SolutionConfigurationPlatforms) = preSolution
		Debug|Any CPU = Debug|Any CPU
		Release|Any CPU = Release|Any CPU
	EndGlobalSection
	GlobalSection(ProjectConfigurationPlatforms) = postSolution
		{86FADDD4-DA78-41FB-A1D1-FD4E98A22101}.Debug|Any CPU.ActiveCfg = Debug|Any CPU
		{86FADDD4-DA78-41FB-A1D1-FD4E98A22101}.Debug|Any CPU.Build.0 = Debug|Any CPU
		{86FADDD4-DA78-41FB-A1D1-FD4E98A22101}.Release|Any CPU.ActiveCfg = Release|Any CPU
		{86FADDD4-DA78-41FB-A1D1-FD4E98A22101}.Release|Any CPU.Build.0 = Release|Any CPU
	EndGlobalSection
	GlobalSection(SolutionProperties) = preSolution
		HideSolutionNode = FALSE
	EndGlobalSection
	GlobalSection(ExtensibilityGlobals) = postSolution
		SolutionGuid = {48DFA969-70E2-4681-9870-DB13A5EE0642}
	EndGlobalSection
EndGlobal
