
Microsoft Visual Studio Solution File, Format Version 12.00
# Visual Studio 15
VisualStudioVersion = 15.0.27703.1
MinimumVisualStudioVersion = 10.0.40219.1
Project("{FAE04EC0-301F-11D3-BF4B-00C04F79EFBC}") = "DeconstructingObjects", "DeconstructingObjects\DeconstructingObjects.csproj", "{5D45A622-9BAA-4E2D-BDD5-421FFF0E132A}"
EndProject
Project("{FAE04EC0-301F-11D3-BF4B-00C04F79EFBC}") = "DiscographyLib", "DiscographyLib\DiscographyLib.csproj", "{3B814EFF-F25D-4CD4-888B-44AF9BDD4AA6}"
EndProject
Global
	GlobalSection(SolutionConfigurationPlatforms) = preSolution
		Debug|Any CPU = Debug|Any CPU
		Release|Any CPU = Release|Any CPU
	EndGlobalSection
	GlobalSection(ProjectConfigurationPlatforms) = postSolution
		{5D45A622-9BAA-4E2D-BDD5-421FFF0E132A}.Debug|Any CPU.ActiveCfg = Debug|Any CPU
		{5D45A622-9BAA-4E2D-BDD5-421FFF0E132A}.Debug|Any CPU.Build.0 = Debug|Any CPU
		{5D45A622-9BAA-4E2D-BDD5-421FFF0E132A}.Release|Any CPU.ActiveCfg = Release|Any CPU
		{5D45A622-9BAA-4E2D-BDD5-421FFF0E132A}.Release|Any CPU.Build.0 = Release|Any CPU
		{3B814EFF-F25D-4CD4-888B-44AF9BDD4AA6}.Debug|Any CPU.ActiveCfg = Debug|Any CPU
		{3B814EFF-F25D-4CD4-888B-44AF9BDD4AA6}.Debug|Any CPU.Build.0 = Debug|Any CPU
		{3B814EFF-F25D-4CD4-888B-44AF9BDD4AA6}.Release|Any CPU.ActiveCfg = Release|Any CPU
		{3B814EFF-F25D-4CD4-888B-44AF9BDD4AA6}.Release|Any CPU.Build.0 = Release|Any CPU
	EndGlobalSection
	GlobalSection(SolutionProperties) = preSolution
		HideSolutionNode = FALSE
	EndGlobalSection
	GlobalSection(ExtensibilityGlobals) = postSolution
		SolutionGuid = {ECA3EA52-7333-474B-969E-09F9BA7F0212}
	EndGlobalSection
EndGlobal
